
Microsoft Visual Studio Solution File, Format Version 12.00
# Visual Studio Version 16
VisualStudioVersion = 16.0.30002.166
MinimumVisualStudioVersion = 10.0.40219.1
Project("{FAE04EC0-301F-11D3-BF4B-00C04F79EFBC}") = "WCFService", "WCFService\WCFService.csproj", "{578B9DE1-6357-43D9-9FC9-4E08CD0D454D}"
EndProject
Project("{FAE04EC0-301F-11D3-BF4B-00C04F79EFBC}") = "DataModel", "DataModel\DataModel.csproj", "{1289EFA5-BA1F-4D19-8463-40B5A236F4C4}"
EndProject
Project("{FAE04EC0-301F-11D3-BF4B-00C04F79EFBC}") = "DataAccessLayer", "DataAccessLayer\DataAccessLayer.csproj", "{C1C5A968-4A99-4BD9-B59E-82558BFADF9B}"
EndProject
Project("{9A19103F-16F7-4668-BE54-9A1E7A4F7556}") = "WPFFrontEnd", "WPFFrontEnd\WPFFrontEnd.csproj", "{846D7500-B57A-4319-9846-02AE75013FC3}"
EndProject
Project("{2150E333-8FDC-42A3-9474-1A3956D46DE8}") = "SQL-Server-Scripts", "SQL-Server-Scripts", "{EA00DA4B-83ED-4D7B-B253-E495DD60D86A}"
	ProjectSection(SolutionItems) = preProject
		SQL-Server-Scripts\WPF-WCF-EF6.sql = SQL-Server-Scripts\WPF-WCF-EF6.sql
	EndProjectSection
EndProject
Global
	GlobalSection(SolutionConfigurationPlatforms) = preSolution
		Debug|Any CPU = Debug|Any CPU
		Release|Any CPU = Release|Any CPU
	EndGlobalSection
	GlobalSection(ProjectConfigurationPlatforms) = postSolution
		{578B9DE1-6357-43D9-9FC9-4E08CD0D454D}.Debug|Any CPU.ActiveCfg = Debug|Any CPU
		{578B9DE1-6357-43D9-9FC9-4E08CD0D454D}.Debug|Any CPU.Build.0 = Debug|Any CPU
		{578B9DE1-6357-43D9-9FC9-4E08CD0D454D}.Release|Any CPU.ActiveCfg = Release|Any CPU
		{578B9DE1-6357-43D9-9FC9-4E08CD0D454D}.Release|Any CPU.Build.0 = Release|Any CPU
		{1289EFA5-BA1F-4D19-8463-40B5A236F4C4}.Debug|Any CPU.ActiveCfg = Debug|Any CPU
		{1289EFA5-BA1F-4D19-8463-40B5A236F4C4}.Debug|Any CPU.Build.0 = Debug|Any CPU
		{1289EFA5-BA1F-4D19-8463-40B5A236F4C4}.Release|Any CPU.ActiveCfg = Release|Any CPU
		{1289EFA5-BA1F-4D19-8463-40B5A236F4C4}.Release|Any CPU.Build.0 = Release|Any CPU
		{C1C5A968-4A99-4BD9-B59E-82558BFADF9B}.Debug|Any CPU.ActiveCfg = Debug|Any CPU
		{C1C5A968-4A99-4BD9-B59E-82558BFADF9B}.Debug|Any CPU.Build.0 = Debug|Any CPU
		{C1C5A968-4A99-4BD9-B59E-82558BFADF9B}.Release|Any CPU.ActiveCfg = Release|Any CPU
		{C1C5A968-4A99-4BD9-B59E-82558BFADF9B}.Release|Any CPU.Build.0 = Release|Any CPU
		{846D7500-B57A-4319-9846-02AE75013FC3}.Debug|Any CPU.ActiveCfg = Debug|Any CPU
		{846D7500-B57A-4319-9846-02AE75013FC3}.Debug|Any CPU.Build.0 = Debug|Any CPU
		{846D7500-B57A-4319-9846-02AE75013FC3}.Release|Any CPU.ActiveCfg = Release|Any CPU
		{846D7500-B57A-4319-9846-02AE75013FC3}.Release|Any CPU.Build.0 = Release|Any CPU
	EndGlobalSection
	GlobalSection(SolutionProperties) = preSolution
		HideSolutionNode = FALSE
	EndGlobalSection
	GlobalSection(ExtensibilityGlobals) = postSolution
		SolutionGuid = {38EFB585-AD05-49DD-B2CA-1349891D7BED}
	EndGlobalSection
EndGlobal
