
Microsoft Visual Studio Solution File, Format Version 12.00
# Visual Studio Version 16
VisualStudioVersion = 16.0.30011.22
MinimumVisualStudioVersion = 10.0.40219.1
Project("{9A19103F-16F7-4668-BE54-9A1E7A4F7556}") = "WPFFrontEnd", "WPFFrontEnd.csproj", "{3BE56420-376D-4EA9-99F7-5BA80E0A0130}"
EndProject
Project("{FAE04EC0-301F-11D3-BF4B-00C04F79EFBC}") = "DataModel", "..\DataModel\DataModel.csproj", "{1289EFA5-BA1F-4D19-8463-40B5A236F4C4}"
EndProject
Global
	GlobalSection(SolutionConfigurationPlatforms) = preSolution
		Debug|Any CPU = Debug|Any CPU
		Release|Any CPU = Release|Any CPU
	EndGlobalSection
	GlobalSection(ProjectConfigurationPlatforms) = postSolution
		{3BE56420-376D-4EA9-99F7-5BA80E0A0130}.Debug|Any CPU.ActiveCfg = Debug|Any CPU
		{3BE56420-376D-4EA9-99F7-5BA80E0A0130}.Debug|Any CPU.Build.0 = Debug|Any CPU
		{3BE56420-376D-4EA9-99F7-5BA80E0A0130}.Release|Any CPU.ActiveCfg = Release|Any CPU
		{3BE56420-376D-4EA9-99F7-5BA80E0A0130}.Release|Any CPU.Build.0 = Release|Any CPU
		{1289EFA5-BA1F-4D19-8463-40B5A236F4C4}.Debug|Any CPU.ActiveCfg = Debug|Any CPU
		{1289EFA5-BA1F-4D19-8463-40B5A236F4C4}.Debug|Any CPU.Build.0 = Debug|Any CPU
		{1289EFA5-BA1F-4D19-8463-40B5A236F4C4}.Release|Any CPU.ActiveCfg = Release|Any CPU
		{1289EFA5-BA1F-4D19-8463-40B5A236F4C4}.Release|Any CPU.Build.0 = Release|Any CPU
	EndGlobalSection
	GlobalSection(SolutionProperties) = preSolution
		HideSolutionNode = FALSE
	EndGlobalSection
	GlobalSection(ExtensibilityGlobals) = postSolution
		SolutionGuid = {BA289C7F-71BB-4DC3-A404-DA1F5C50067C}
	EndGlobalSection
EndGlobal
